// !$*UTF8*$!
{
	archiveVersion = 1;
	classes = {
	};
	objectVersion = 50;
	objects = {

/* Begin PBXBuildFile section */
		84178D0A2346047000F54389 /* PhotoCell.swift in Sources */ = {isa = PBXBuildFile; fileRef = 84178D092346047000F54389 /* PhotoCell.swift */; };
		84178D5223462B7400F54389 /* ImageListPresenter.swift in Sources */ = {isa = PBXBuildFile; fileRef = 84178D5123462B7400F54389 /* ImageListPresenter.swift */; };
		84178D572346311400F54389 /* ImageListViewProtocol.swift in Sources */ = {isa = PBXBuildFile; fileRef = 84178D562346311400F54389 /* ImageListViewProtocol.swift */; };
		84178D5C23464C9700F54389 /* PhotosGetInfo.swift in Sources */ = {isa = PBXBuildFile; fileRef = 84178D5B23464C9700F54389 /* PhotosGetInfo.swift */; };
		84178D5E23464E0900F54389 /* DictionaryExtension.swift in Sources */ = {isa = PBXBuildFile; fileRef = 84178D5D23464E0900F54389 /* DictionaryExtension.swift */; };
		84178D602346503000F54389 /* FlickrPhotoDetails.swift in Sources */ = {isa = PBXBuildFile; fileRef = 84178D5F2346503000F54389 /* FlickrPhotoDetails.swift */; };
		84178D62234650AE00F54389 /* PhotosGetInfoService.swift in Sources */ = {isa = PBXBuildFile; fileRef = 84178D61234650AE00F54389 /* PhotosGetInfoService.swift */; };
		84178D642346510100F54389 /* PhotosGetInfoDeserializer.swift in Sources */ = {isa = PBXBuildFile; fileRef = 84178D632346510100F54389 /* PhotosGetInfoDeserializer.swift */; };
		84178D6823465EC200F54389 /* ImageDetailsPresenter.swift in Sources */ = {isa = PBXBuildFile; fileRef = 84178D6723465EC200F54389 /* ImageDetailsPresenter.swift */; };
		84178D6A23465EDD00F54389 /* ImageDetailsViewProtocol.swift in Sources */ = {isa = PBXBuildFile; fileRef = 84178D6923465EDD00F54389 /* ImageDetailsViewProtocol.swift */; };
		84178D6B23467C3D00F54389 /* DictionaryExtension.swift in Sources */ = {isa = PBXBuildFile; fileRef = 84178D5D23464E0900F54389 /* DictionaryExtension.swift */; };
		84178D812346B1BB00F54389 /* Localizable.strings in Resources */ = {isa = PBXBuildFile; fileRef = 84178D832346B1BB00F54389 /* Localizable.strings */; };
		84178D852346B1F700F54389 /* StringExtension.swift in Sources */ = {isa = PBXBuildFile; fileRef = 84178D842346B1F700F54389 /* StringExtension.swift */; };
		842CDA512345B90900D2C027 /* PhotosSearchDeserializer.swift in Sources */ = {isa = PBXBuildFile; fileRef = 842CDA502345B90900D2C027 /* PhotosSearchDeserializer.swift */; };
		8468BE022345C71C008E9F01 /* FlickrPhoto.swift in Sources */ = {isa = PBXBuildFile; fileRef = 8468BE012345C71C008E9F01 /* FlickrPhoto.swift */; };
		848D93C3234787F60064C06F /* AppDataService.swift in Sources */ = {isa = PBXBuildFile; fileRef = 848D93C2234787F60064C06F /* AppDataService.swift */; };
		849470E1234B94EE00FE2BB5 /* UIAlertControllerExtension.swift in Sources */ = {isa = PBXBuildFile; fileRef = 849470E0234B94EE00FE2BB5 /* UIAlertControllerExtension.swift */; };
		849470E3234B967500FE2BB5 /* ErrorExtension.swift in Sources */ = {isa = PBXBuildFile; fileRef = 849470E2234B967500FE2BB5 /* ErrorExtension.swift */; };
		849470E5234BCBE400FE2BB5 /* Exo-Bold.ttf in Resources */ = {isa = PBXBuildFile; fileRef = 849470E4234BCBBB00FE2BB5 /* Exo-Bold.ttf */; };
		849470E9234BD00700FE2BB5 /* AppDataService.swift in Sources */ = {isa = PBXBuildFile; fileRef = 848D93C2234787F60064C06F /* AppDataService.swift */; };
		849470EA234BD07A00FE2BB5 /* Constant.swift in Sources */ = {isa = PBXBuildFile; fileRef = 84CCF7E9234481F800C7AEA6 /* Constant.swift */; };
		849470EB234BD09000FE2BB5 /* LogLevel.swift in Sources */ = {isa = PBXBuildFile; fileRef = 84A5B2FF234A5470002624F0 /* LogLevel.swift */; };
		849470ED234BD43100FE2BB5 /* AppDataServiceTest.swift in Sources */ = {isa = PBXBuildFile; fileRef = 849470EC234BD43100FE2BB5 /* AppDataServiceTest.swift */; };
		849470EE234BD4B700FE2BB5 /* PhotosSearch.swift in Sources */ = {isa = PBXBuildFile; fileRef = 84CCF7F2234489CC00C7AEA6 /* PhotosSearch.swift */; };
		849470EF234BD4BE00FE2BB5 /* PhotosGetInfo.swift in Sources */ = {isa = PBXBuildFile; fileRef = 84178D5B23464C9700F54389 /* PhotosGetInfo.swift */; };
		849470F1234BD4E700FE2BB5 /* PhotosSearchTest.swift in Sources */ = {isa = PBXBuildFile; fileRef = 849470F0234BD4E700FE2BB5 /* PhotosSearchTest.swift */; };
		849470F2234BD62400FE2BB5 /* RequestModelProtocol.swift in Sources */ = {isa = PBXBuildFile; fileRef = 84CCF7EF234489C200C7AEA6 /* RequestModelProtocol.swift */; };
		849470F3234BD62F00FE2BB5 /* FlickrPhotoDetails.swift in Sources */ = {isa = PBXBuildFile; fileRef = 84178D5F2346503000F54389 /* FlickrPhotoDetails.swift */; };
		849470F4234BD65200FE2BB5 /* ResponseModelProtocol.swift in Sources */ = {isa = PBXBuildFile; fileRef = 84CCF7FF2345301A00C7AEA6 /* ResponseModelProtocol.swift */; };
		849470F5234BD65900FE2BB5 /* FlickrPhoto.swift in Sources */ = {isa = PBXBuildFile; fileRef = 8468BE012345C71C008E9F01 /* FlickrPhoto.swift */; };
		849470F7234BD93100FE2BB5 /* PhotosGetInfoTest.swift in Sources */ = {isa = PBXBuildFile; fileRef = 849470F6234BD93100FE2BB5 /* PhotosGetInfoTest.swift */; };
		849470F9234BDAF800FE2BB5 /* FlickrPhotoTest.swift in Sources */ = {isa = PBXBuildFile; fileRef = 849470F8234BDAF800FE2BB5 /* FlickrPhotoTest.swift */; };
		849470FB234BDD7A00FE2BB5 /* FlickrPhotoDetailsTest.swift in Sources */ = {isa = PBXBuildFile; fileRef = 849470FA234BDD7A00FE2BB5 /* FlickrPhotoDetailsTest.swift */; };
		84A5B2FB234A4CE4002624F0 /* ThumbnailCacheService.swift in Sources */ = {isa = PBXBuildFile; fileRef = 84A5B2FA234A4CE4002624F0 /* ThumbnailCacheService.swift */; };
		84A5B2FE234A545E002624F0 /* LogService.swift in Sources */ = {isa = PBXBuildFile; fileRef = 84A5B2FD234A545E002624F0 /* LogService.swift */; };
		84A5B300234A5470002624F0 /* LogLevel.swift in Sources */ = {isa = PBXBuildFile; fileRef = 84A5B2FF234A5470002624F0 /* LogLevel.swift */; };
		84A7F2E0234B1BE0001ADBDE /* UrlImageView.xib in Resources */ = {isa = PBXBuildFile; fileRef = 84A7F2DF234B1BE0001ADBDE /* UrlImageView.xib */; };
		84A7F2E2234B1D73001ADBDE /* UrlImageView.swift in Sources */ = {isa = PBXBuildFile; fileRef = 84A7F2E1234B1D73001ADBDE /* UrlImageView.swift */; };
		84BBD1DD234CFD17001F9656 /* PhotosSearchServiceTest.swift in Sources */ = {isa = PBXBuildFile; fileRef = 84BBD1DC234CFD17001F9656 /* PhotosSearchServiceTest.swift */; };
		84BBD1DE234CFD40001F9656 /* PhotosSearchService.swift in Sources */ = {isa = PBXBuildFile; fileRef = 84CCF7F82344946200C7AEA6 /* PhotosSearchService.swift */; };
		84BBD1DF234CFD89001F9656 /* WebService.swift in Sources */ = {isa = PBXBuildFile; fileRef = 84CCF7F62344946200C7AEA6 /* WebService.swift */; };
		84BBD1E0234CFDE5001F9656 /* WebServiceDelegate.swift in Sources */ = {isa = PBXBuildFile; fileRef = 84CCF8012345309400C7AEA6 /* WebServiceDelegate.swift */; };
		84BBD1E1234D0046001F9656 /* PhotosSearchDeserializer.swift in Sources */ = {isa = PBXBuildFile; fileRef = 842CDA502345B90900D2C027 /* PhotosSearchDeserializer.swift */; };
		84BBD1E2234D004B001F9656 /* ResponseDeserializerProtocol.swift in Sources */ = {isa = PBXBuildFile; fileRef = 84CCF7EE234489C200C7AEA6 /* ResponseDeserializerProtocol.swift */; };
		84BBD1E3234D0096001F9656 /* LogService.swift in Sources */ = {isa = PBXBuildFile; fileRef = 84A5B2FD234A545E002624F0 /* LogService.swift */; };
		84BBD1E5234D01AD001F9656 /* PhotosGetInfoServiceTest.swift in Sources */ = {isa = PBXBuildFile; fileRef = 84BBD1E4234D01AD001F9656 /* PhotosGetInfoServiceTest.swift */; };
		84BBD1E6234D020C001F9656 /* PhotosGetInfoService.swift in Sources */ = {isa = PBXBuildFile; fileRef = 84178D61234650AE00F54389 /* PhotosGetInfoService.swift */; };
		84BBD1E7234D0287001F9656 /* PhotosGetInfoDeserializer.swift in Sources */ = {isa = PBXBuildFile; fileRef = 84178D632346510100F54389 /* PhotosGetInfoDeserializer.swift */; };
		84BBD1E8234D03F4001F9656 /* ErrorExtension.swift in Sources */ = {isa = PBXBuildFile; fileRef = 849470E2234B967500FE2BB5 /* ErrorExtension.swift */; };
		84BBD1EA234D04CD001F9656 /* ErrorStringTest.swift in Sources */ = {isa = PBXBuildFile; fileRef = 84BBD1E9234D04CD001F9656 /* ErrorStringTest.swift */; };
		84BBD1EB234D05FF001F9656 /* StringExtension.swift in Sources */ = {isa = PBXBuildFile; fileRef = 84178D842346B1F700F54389 /* StringExtension.swift */; };
		84C403D523479E41009D350B /* Exo-Light.ttf in Resources */ = {isa = PBXBuildFile; fileRef = 84C403D423479E3E009D350B /* Exo-Light.ttf */; };
		84C403D823479E94009D350B /* Exo-ExtraLight.ttf in Resources */ = {isa = PBXBuildFile; fileRef = 84C403D723479E84009D350B /* Exo-ExtraLight.ttf */; };
		84C403DF2347A01E009D350B /* Amperzand.ttf in Resources */ = {isa = PBXBuildFile; fileRef = 84C403DE2347A01E009D350B /* Amperzand.ttf */; };
		84C403E12347A198009D350B /* UIFontExtension.swift in Sources */ = {isa = PBXBuildFile; fileRef = 84C403E02347A198009D350B /* UIFontExtension.swift */; };
		84C403E72347D2A9009D350B /* SplitViewController.swift in Sources */ = {isa = PBXBuildFile; fileRef = 84C403E62347D2A9009D350B /* SplitViewController.swift */; };
		84CCF7EA234481F800C7AEA6 /* Constant.swift in Sources */ = {isa = PBXBuildFile; fileRef = 84CCF7E9234481F800C7AEA6 /* Constant.swift */; };
		84CCF7F0234489C200C7AEA6 /* ResponseDeserializerProtocol.swift in Sources */ = {isa = PBXBuildFile; fileRef = 84CCF7EE234489C200C7AEA6 /* ResponseDeserializerProtocol.swift */; };
		84CCF7F1234489C200C7AEA6 /* RequestModelProtocol.swift in Sources */ = {isa = PBXBuildFile; fileRef = 84CCF7EF234489C200C7AEA6 /* RequestModelProtocol.swift */; };
		84CCF7F3234489CC00C7AEA6 /* PhotosSearch.swift in Sources */ = {isa = PBXBuildFile; fileRef = 84CCF7F2234489CC00C7AEA6 /* PhotosSearch.swift */; };
		84CCF7F92344946200C7AEA6 /* WebService.swift in Sources */ = {isa = PBXBuildFile; fileRef = 84CCF7F62344946200C7AEA6 /* WebService.swift */; };
		84CCF7FA2344946200C7AEA6 /* PhotosSearchService.swift in Sources */ = {isa = PBXBuildFile; fileRef = 84CCF7F82344946200C7AEA6 /* PhotosSearchService.swift */; };
		84CCF8002345301A00C7AEA6 /* ResponseModelProtocol.swift in Sources */ = {isa = PBXBuildFile; fileRef = 84CCF7FF2345301A00C7AEA6 /* ResponseModelProtocol.swift */; };
		84CCF8022345309400C7AEA6 /* WebServiceDelegate.swift in Sources */ = {isa = PBXBuildFile; fileRef = 84CCF8012345309400C7AEA6 /* WebServiceDelegate.swift */; };
		84E32D202343EBD70079DE07 /* AppDelegate.swift in Sources */ = {isa = PBXBuildFile; fileRef = 84E32D1F2343EBD70079DE07 /* AppDelegate.swift */; };
		84E32D222343EBD70079DE07 /* ImageListViewController.swift in Sources */ = {isa = PBXBuildFile; fileRef = 84E32D212343EBD70079DE07 /* ImageListViewController.swift */; };
		84E32D242343EBD70079DE07 /* ImageDetailsViewController.swift in Sources */ = {isa = PBXBuildFile; fileRef = 84E32D232343EBD70079DE07 /* ImageDetailsViewController.swift */; };
		84E32D272343EBD70079DE07 /* Main.storyboard in Resources */ = {isa = PBXBuildFile; fileRef = 84E32D252343EBD70079DE07 /* Main.storyboard */; };
		84E32D292343EBD70079DE07 /* Assets.xcassets in Resources */ = {isa = PBXBuildFile; fileRef = 84E32D282343EBD70079DE07 /* Assets.xcassets */; };
		84E32D2C2343EBD70079DE07 /* LaunchScreen.storyboard in Resources */ = {isa = PBXBuildFile; fileRef = 84E32D2A2343EBD70079DE07 /* LaunchScreen.storyboard */; };
		84E32D422343EBD80079DE07 /* FlickrAppUITests.swift in Sources */ = {isa = PBXBuildFile; fileRef = 84E32D412343EBD80079DE07 /* FlickrAppUITests.swift */; };
/* End PBXBuildFile section */

/* Begin PBXContainerItemProxy section */
		84E32D332343EBD80079DE07 /* PBXContainerItemProxy */ = {
			isa = PBXContainerItemProxy;
			containerPortal = 84E32D142343EBD70079DE07 /* Project object */;
			proxyType = 1;
			remoteGlobalIDString = 84E32D1B2343EBD70079DE07;
			remoteInfo = FlickrApp;
		};
		84E32D3E2343EBD80079DE07 /* PBXContainerItemProxy */ = {
			isa = PBXContainerItemProxy;
			containerPortal = 84E32D142343EBD70079DE07 /* Project object */;
			proxyType = 1;
			remoteGlobalIDString = 84E32D1B2343EBD70079DE07;
			remoteInfo = FlickrApp;
		};
/* End PBXContainerItemProxy section */

/* Begin PBXFileReference section */
		84178D092346047000F54389 /* PhotoCell.swift */ = {isa = PBXFileReference; lastKnownFileType = sourcecode.swift; path = PhotoCell.swift; sourceTree = "<group>"; };
		84178D5123462B7400F54389 /* ImageListPresenter.swift */ = {isa = PBXFileReference; lastKnownFileType = sourcecode.swift; path = ImageListPresenter.swift; sourceTree = "<group>"; };
		84178D562346311400F54389 /* ImageListViewProtocol.swift */ = {isa = PBXFileReference; lastKnownFileType = sourcecode.swift; path = ImageListViewProtocol.swift; sourceTree = "<group>"; };
		84178D5B23464C9700F54389 /* PhotosGetInfo.swift */ = {isa = PBXFileReference; lastKnownFileType = sourcecode.swift; path = PhotosGetInfo.swift; sourceTree = "<group>"; };
		84178D5D23464E0900F54389 /* DictionaryExtension.swift */ = {isa = PBXFileReference; lastKnownFileType = sourcecode.swift; path = DictionaryExtension.swift; sourceTree = "<group>"; };
		84178D5F2346503000F54389 /* FlickrPhotoDetails.swift */ = {isa = PBXFileReference; lastKnownFileType = sourcecode.swift; path = FlickrPhotoDetails.swift; sourceTree = "<group>"; };
		84178D61234650AE00F54389 /* PhotosGetInfoService.swift */ = {isa = PBXFileReference; lastKnownFileType = sourcecode.swift; path = PhotosGetInfoService.swift; sourceTree = "<group>"; };
		84178D632346510100F54389 /* PhotosGetInfoDeserializer.swift */ = {isa = PBXFileReference; lastKnownFileType = sourcecode.swift; path = PhotosGetInfoDeserializer.swift; sourceTree = "<group>"; };
		84178D6723465EC200F54389 /* ImageDetailsPresenter.swift */ = {isa = PBXFileReference; lastKnownFileType = sourcecode.swift; path = ImageDetailsPresenter.swift; sourceTree = "<group>"; };
		84178D6923465EDD00F54389 /* ImageDetailsViewProtocol.swift */ = {isa = PBXFileReference; lastKnownFileType = sourcecode.swift; path = ImageDetailsViewProtocol.swift; sourceTree = "<group>"; };
		84178D822346B1BB00F54389 /* en */ = {isa = PBXFileReference; lastKnownFileType = text.plist.strings; name = en; path = en.lproj/Localizable.strings; sourceTree = "<group>"; };
		84178D842346B1F700F54389 /* StringExtension.swift */ = {isa = PBXFileReference; lastKnownFileType = sourcecode.swift; path = StringExtension.swift; sourceTree = "<group>"; };
		84178D872346BA4500F54389 /* hu */ = {isa = PBXFileReference; lastKnownFileType = text.plist.strings; name = hu; path = hu.lproj/LaunchScreen.strings; sourceTree = "<group>"; };
		84178D882346BA4500F54389 /* hu */ = {isa = PBXFileReference; lastKnownFileType = text.plist.strings; name = hu; path = hu.lproj/Main.strings; sourceTree = "<group>"; };
		84178D892346BA4500F54389 /* hu */ = {isa = PBXFileReference; lastKnownFileType = text.plist.strings; name = hu; path = hu.lproj/Localizable.strings; sourceTree = "<group>"; };
		842CDA502345B90900D2C027 /* PhotosSearchDeserializer.swift */ = {isa = PBXFileReference; lastKnownFileType = sourcecode.swift; path = PhotosSearchDeserializer.swift; sourceTree = "<group>"; };
		8468BE012345C71C008E9F01 /* FlickrPhoto.swift */ = {isa = PBXFileReference; lastKnownFileType = sourcecode.swift; path = FlickrPhoto.swift; sourceTree = "<group>"; };
		848D93C2234787F60064C06F /* AppDataService.swift */ = {isa = PBXFileReference; lastKnownFileType = sourcecode.swift; path = AppDataService.swift; sourceTree = "<group>"; };
		849470E0234B94EE00FE2BB5 /* UIAlertControllerExtension.swift */ = {isa = PBXFileReference; lastKnownFileType = sourcecode.swift; path = UIAlertControllerExtension.swift; sourceTree = "<group>"; };
		849470E2234B967500FE2BB5 /* ErrorExtension.swift */ = {isa = PBXFileReference; lastKnownFileType = sourcecode.swift; path = ErrorExtension.swift; sourceTree = "<group>"; };
		849470E4234BCBBB00FE2BB5 /* Exo-Bold.ttf */ = {isa = PBXFileReference; lastKnownFileType = file; path = "Exo-Bold.ttf"; sourceTree = "<group>"; };
		849470EC234BD43100FE2BB5 /* AppDataServiceTest.swift */ = {isa = PBXFileReference; lastKnownFileType = sourcecode.swift; path = AppDataServiceTest.swift; sourceTree = "<group>"; };
		849470F0234BD4E700FE2BB5 /* PhotosSearchTest.swift */ = {isa = PBXFileReference; lastKnownFileType = sourcecode.swift; path = PhotosSearchTest.swift; sourceTree = "<group>"; };
		849470F6234BD93100FE2BB5 /* PhotosGetInfoTest.swift */ = {isa = PBXFileReference; lastKnownFileType = sourcecode.swift; path = PhotosGetInfoTest.swift; sourceTree = "<group>"; };
		849470F8234BDAF800FE2BB5 /* FlickrPhotoTest.swift */ = {isa = PBXFileReference; lastKnownFileType = sourcecode.swift; path = FlickrPhotoTest.swift; sourceTree = "<group>"; };
		849470FA234BDD7A00FE2BB5 /* FlickrPhotoDetailsTest.swift */ = {isa = PBXFileReference; lastKnownFileType = sourcecode.swift; path = FlickrPhotoDetailsTest.swift; sourceTree = "<group>"; };
		84A5B2FA234A4CE4002624F0 /* ThumbnailCacheService.swift */ = {isa = PBXFileReference; lastKnownFileType = sourcecode.swift; path = ThumbnailCacheService.swift; sourceTree = "<group>"; };
		84A5B2FD234A545E002624F0 /* LogService.swift */ = {isa = PBXFileReference; lastKnownFileType = sourcecode.swift; path = LogService.swift; sourceTree = "<group>"; };
		84A5B2FF234A5470002624F0 /* LogLevel.swift */ = {isa = PBXFileReference; lastKnownFileType = sourcecode.swift; path = LogLevel.swift; sourceTree = "<group>"; };
		84A7F2DF234B1BE0001ADBDE /* UrlImageView.xib */ = {isa = PBXFileReference; lastKnownFileType = file.xib; path = UrlImageView.xib; sourceTree = "<group>"; };
		84A7F2E1234B1D73001ADBDE /* UrlImageView.swift */ = {isa = PBXFileReference; lastKnownFileType = sourcecode.swift; path = UrlImageView.swift; sourceTree = "<group>"; };
		84BBD1DC234CFD17001F9656 /* PhotosSearchServiceTest.swift */ = {isa = PBXFileReference; lastKnownFileType = sourcecode.swift; path = PhotosSearchServiceTest.swift; sourceTree = "<group>"; };
		84BBD1E4234D01AD001F9656 /* PhotosGetInfoServiceTest.swift */ = {isa = PBXFileReference; lastKnownFileType = sourcecode.swift; path = PhotosGetInfoServiceTest.swift; sourceTree = "<group>"; };
		84BBD1E9234D04CD001F9656 /* ErrorStringTest.swift */ = {isa = PBXFileReference; lastKnownFileType = sourcecode.swift; path = ErrorStringTest.swift; sourceTree = "<group>"; };
		84C403D423479E3E009D350B /* Exo-Light.ttf */ = {isa = PBXFileReference; lastKnownFileType = file; path = "Exo-Light.ttf"; sourceTree = "<group>"; };
		84C403D723479E84009D350B /* Exo-ExtraLight.ttf */ = {isa = PBXFileReference; lastKnownFileType = file; path = "Exo-ExtraLight.ttf"; sourceTree = "<group>"; };
		84C403DE2347A01E009D350B /* Amperzand.ttf */ = {isa = PBXFileReference; lastKnownFileType = file; path = Amperzand.ttf; sourceTree = "<group>"; };
		84C403E02347A198009D350B /* UIFontExtension.swift */ = {isa = PBXFileReference; lastKnownFileType = sourcecode.swift; path = UIFontExtension.swift; sourceTree = "<group>"; };
		84C403E62347D2A9009D350B /* SplitViewController.swift */ = {isa = PBXFileReference; lastKnownFileType = sourcecode.swift; path = SplitViewController.swift; sourceTree = "<group>"; };
		84CCF7E9234481F800C7AEA6 /* Constant.swift */ = {isa = PBXFileReference; lastKnownFileType = sourcecode.swift; path = Constant.swift; sourceTree = "<group>"; };
		84CCF7EE234489C200C7AEA6 /* ResponseDeserializerProtocol.swift */ = {isa = PBXFileReference; fileEncoding = 4; lastKnownFileType = sourcecode.swift; path = ResponseDeserializerProtocol.swift; sourceTree = "<group>"; };
		84CCF7EF234489C200C7AEA6 /* RequestModelProtocol.swift */ = {isa = PBXFileReference; fileEncoding = 4; lastKnownFileType = sourcecode.swift; path = RequestModelProtocol.swift; sourceTree = "<group>"; };
		84CCF7F2234489CC00C7AEA6 /* PhotosSearch.swift */ = {isa = PBXFileReference; fileEncoding = 4; lastKnownFileType = sourcecode.swift; path = PhotosSearch.swift; sourceTree = "<group>"; };
		84CCF7F62344946200C7AEA6 /* WebService.swift */ = {isa = PBXFileReference; fileEncoding = 4; lastKnownFileType = sourcecode.swift; path = WebService.swift; sourceTree = "<group>"; };
		84CCF7F82344946200C7AEA6 /* PhotosSearchService.swift */ = {isa = PBXFileReference; fileEncoding = 4; lastKnownFileType = sourcecode.swift; path = PhotosSearchService.swift; sourceTree = "<group>"; };
		84CCF7FF2345301A00C7AEA6 /* ResponseModelProtocol.swift */ = {isa = PBXFileReference; lastKnownFileType = sourcecode.swift; path = ResponseModelProtocol.swift; sourceTree = "<group>"; };
		84CCF8012345309400C7AEA6 /* WebServiceDelegate.swift */ = {isa = PBXFileReference; lastKnownFileType = sourcecode.swift; path = WebServiceDelegate.swift; sourceTree = "<group>"; };
		84E32D1C2343EBD70079DE07 /* FlickrApp.app */ = {isa = PBXFileReference; explicitFileType = wrapper.application; includeInIndex = 0; path = FlickrApp.app; sourceTree = BUILT_PRODUCTS_DIR; };
		84E32D1F2343EBD70079DE07 /* AppDelegate.swift */ = {isa = PBXFileReference; lastKnownFileType = sourcecode.swift; path = AppDelegate.swift; sourceTree = "<group>"; };
		84E32D212343EBD70079DE07 /* ImageListViewController.swift */ = {isa = PBXFileReference; lastKnownFileType = sourcecode.swift; path = ImageListViewController.swift; sourceTree = "<group>"; };
		84E32D232343EBD70079DE07 /* ImageDetailsViewController.swift */ = {isa = PBXFileReference; lastKnownFileType = sourcecode.swift; path = ImageDetailsViewController.swift; sourceTree = "<group>"; };
		84E32D262343EBD70079DE07 /* Base */ = {isa = PBXFileReference; lastKnownFileType = file.storyboard; name = Base; path = Base.lproj/Main.storyboard; sourceTree = "<group>"; };
		84E32D282343EBD70079DE07 /* Assets.xcassets */ = {isa = PBXFileReference; lastKnownFileType = folder.assetcatalog; path = Assets.xcassets; sourceTree = "<group>"; };
		84E32D2B2343EBD70079DE07 /* Base */ = {isa = PBXFileReference; lastKnownFileType = file.storyboard; name = Base; path = Base.lproj/LaunchScreen.storyboard; sourceTree = "<group>"; };
		84E32D2D2343EBD70079DE07 /* Info.plist */ = {isa = PBXFileReference; lastKnownFileType = text.plist.xml; path = Info.plist; sourceTree = "<group>"; };
		84E32D322343EBD80079DE07 /* FlickrAppTests.xctest */ = {isa = PBXFileReference; explicitFileType = wrapper.cfbundle; includeInIndex = 0; path = FlickrAppTests.xctest; sourceTree = BUILT_PRODUCTS_DIR; };
		84E32D382343EBD80079DE07 /* Info.plist */ = {isa = PBXFileReference; lastKnownFileType = text.plist.xml; path = Info.plist; sourceTree = "<group>"; };
		84E32D3D2343EBD80079DE07 /* FlickrAppUITests.xctest */ = {isa = PBXFileReference; explicitFileType = wrapper.cfbundle; includeInIndex = 0; path = FlickrAppUITests.xctest; sourceTree = BUILT_PRODUCTS_DIR; };
		84E32D412343EBD80079DE07 /* FlickrAppUITests.swift */ = {isa = PBXFileReference; lastKnownFileType = sourcecode.swift; path = FlickrAppUITests.swift; sourceTree = "<group>"; };
		84E32D432343EBD80079DE07 /* Info.plist */ = {isa = PBXFileReference; lastKnownFileType = text.plist.xml; path = Info.plist; sourceTree = "<group>"; };
/* End PBXFileReference section */

/* Begin PBXFrameworksBuildPhase section */
		84E32D192343EBD70079DE07 /* Frameworks */ = {
			isa = PBXFrameworksBuildPhase;
			buildActionMask = 2147483647;
			files = (
			);
			runOnlyForDeploymentPostprocessing = 0;
		};
		84E32D2F2343EBD80079DE07 /* Frameworks */ = {
			isa = PBXFrameworksBuildPhase;
			buildActionMask = 2147483647;
			files = (
			);
			runOnlyForDeploymentPostprocessing = 0;
		};
		84E32D3A2343EBD80079DE07 /* Frameworks */ = {
			isa = PBXFrameworksBuildPhase;
			buildActionMask = 2147483647;
			files = (
			);
			runOnlyForDeploymentPostprocessing = 0;
		};
/* End PBXFrameworksBuildPhase section */

/* Begin PBXGroup section */
		84178D082346045C00F54389 /* Views */ = {
			isa = PBXGroup;
			children = (
				84178D092346047000F54389 /* PhotoCell.swift */,
				84A7F2DF234B1BE0001ADBDE /* UrlImageView.xib */,
				84A7F2E1234B1D73001ADBDE /* UrlImageView.swift */,
			);
			path = Views;
			sourceTree = "<group>";
		};
		84178D0C2346208200F54389 /* Extension */ = {
			isa = PBXGroup;
			children = (
				84178D5D23464E0900F54389 /* DictionaryExtension.swift */,
				84178D842346B1F700F54389 /* StringExtension.swift */,
				84C403E02347A198009D350B /* UIFontExtension.swift */,
				849470E0234B94EE00FE2BB5 /* UIAlertControllerExtension.swift */,
				849470E2234B967500FE2BB5 /* ErrorExtension.swift */,
			);
			path = Extension;
			sourceTree = "<group>";
		};
		84178D5023462B5300F54389 /* Presenters */ = {
			isa = PBXGroup;
			children = (
				84178D5123462B7400F54389 /* ImageListPresenter.swift */,
				84178D6723465EC200F54389 /* ImageDetailsPresenter.swift */,
			);
			path = Presenters;
			sourceTree = "<group>";
		};
		84178D53234630A400F54389 /* Protocols */ = {
			isa = PBXGroup;
			children = (
				84178D562346311400F54389 /* ImageListViewProtocol.swift */,
				84178D6923465EDD00F54389 /* ImageDetailsViewProtocol.swift */,
			);
			path = Protocols;
			sourceTree = "<group>";
		};
		84178D5A23464C7300F54389 /* PhotosGetInfo */ = {
			isa = PBXGroup;
			children = (
				84178D5B23464C9700F54389 /* PhotosGetInfo.swift */,
				84178D61234650AE00F54389 /* PhotosGetInfoService.swift */,
				84178D632346510100F54389 /* PhotosGetInfoDeserializer.swift */,
			);
			path = PhotosGetInfo;
			sourceTree = "<group>";
		};
		84178D7E2346B19200F54389 /* Resources */ = {
			isa = PBXGroup;
			children = (
				84C403DE2347A01E009D350B /* Amperzand.ttf */,
				84C403D723479E84009D350B /* Exo-ExtraLight.ttf */,
				849470E4234BCBBB00FE2BB5 /* Exo-Bold.ttf */,
				84C403D423479E3E009D350B /* Exo-Light.ttf */,
				84178D832346B1BB00F54389 /* Localizable.strings */,
			);
			path = Resources;
			sourceTree = "<group>";
		};
		848D93C4234787FB0064C06F /* AppDataService */ = {
			isa = PBXGroup;
			children = (
				848D93C2234787F60064C06F /* AppDataService.swift */,
			);
			path = AppDataService;
			sourceTree = "<group>";
		};
		848D93C5234788060064C06F /* WebServices */ = {
			isa = PBXGroup;
			children = (
				84CCF7F62344946200C7AEA6 /* WebService.swift */,
				84CCF8032345325600C7AEA6 /* Protocols */,
				84CCF7F72344946200C7AEA6 /* PhotosSearch */,
				84178D5A23464C7300F54389 /* PhotosGetInfo */,
			);
			path = WebServices;
			sourceTree = "<group>";
		};
		84A5B2F9234A4CC3002624F0 /* ThumbnailCacheService */ = {
			isa = PBXGroup;
			children = (
				84A5B2FA234A4CE4002624F0 /* ThumbnailCacheService.swift */,
			);
			path = ThumbnailCacheService;
			sourceTree = "<group>";
		};
		84A5B2FC234A5448002624F0 /* LogService */ = {
			isa = PBXGroup;
			children = (
				84A5B2FD234A545E002624F0 /* LogService.swift */,
			);
			path = LogService;
			sourceTree = "<group>";
		};
		84CCF7E223447AFD00C7AEA6 /* Controllers */ = {
			isa = PBXGroup;
			children = (
				84E32D212343EBD70079DE07 /* ImageListViewController.swift */,
				84E32D232343EBD70079DE07 /* ImageDetailsViewController.swift */,
			);
			path = Controllers;
			sourceTree = "<group>";
		};
		84CCF7E323447B0900C7AEA6 /* UI */ = {
			isa = PBXGroup;
			children = (
				84178D082346045C00F54389 /* Views */,
				84E32D2A2343EBD70079DE07 /* LaunchScreen.storyboard */,
				84E32D252343EBD70079DE07 /* Main.storyboard */,
			);
			path = UI;
			sourceTree = "<group>";
		};
		84CCF7ED234489A800C7AEA6 /* Models */ = {
			isa = PBXGroup;
			children = (
				84A5B2FF234A5470002624F0 /* LogLevel.swift */,
				84CCF7E9234481F800C7AEA6 /* Constant.swift */,
				8468BE012345C71C008E9F01 /* FlickrPhoto.swift */,
				84178D5F2346503000F54389 /* FlickrPhotoDetails.swift */,
			);
			path = Models;
			sourceTree = "<group>";
		};
		84CCF7F52344943A00C7AEA6 /* Services */ = {
			isa = PBXGroup;
			children = (
				84A5B2FC234A5448002624F0 /* LogService */,
				84A5B2F9234A4CC3002624F0 /* ThumbnailCacheService */,
				848D93C4234787FB0064C06F /* AppDataService */,
				848D93C5234788060064C06F /* WebServices */,
			);
			path = Services;
			sourceTree = "<group>";
		};
		84CCF7F72344946200C7AEA6 /* PhotosSearch */ = {
			isa = PBXGroup;
			children = (
				84CCF7F2234489CC00C7AEA6 /* PhotosSearch.swift */,
				84CCF7F82344946200C7AEA6 /* PhotosSearchService.swift */,
				842CDA502345B90900D2C027 /* PhotosSearchDeserializer.swift */,
			);
			path = PhotosSearch;
			sourceTree = "<group>";
		};
		84CCF8032345325600C7AEA6 /* Protocols */ = {
			isa = PBXGroup;
			children = (
				84CCF8012345309400C7AEA6 /* WebServiceDelegate.swift */,
				84CCF7EF234489C200C7AEA6 /* RequestModelProtocol.swift */,
				84CCF7FF2345301A00C7AEA6 /* ResponseModelProtocol.swift */,
				84CCF7EE234489C200C7AEA6 /* ResponseDeserializerProtocol.swift */,
			);
			path = Protocols;
			sourceTree = "<group>";
		};
		84E32D132343EBD70079DE07 = {
			isa = PBXGroup;
			children = (
				84E32D1E2343EBD70079DE07 /* FlickrApp */,
				84E32D352343EBD80079DE07 /* FlickrAppTests */,
				84E32D402343EBD80079DE07 /* FlickrAppUITests */,
				84E32D1D2343EBD70079DE07 /* Products */,
			);
			sourceTree = "<group>";
		};
		84E32D1D2343EBD70079DE07 /* Products */ = {
			isa = PBXGroup;
			children = (
				84E32D1C2343EBD70079DE07 /* FlickrApp.app */,
				84E32D322343EBD80079DE07 /* FlickrAppTests.xctest */,
				84E32D3D2343EBD80079DE07 /* FlickrAppUITests.xctest */,
			);
			name = Products;
			sourceTree = "<group>";
		};
		84E32D1E2343EBD70079DE07 /* FlickrApp */ = {
			isa = PBXGroup;
			children = (
				84178D7E2346B19200F54389 /* Resources */,
				84178D0C2346208200F54389 /* Extension */,
				84CCF7ED234489A800C7AEA6 /* Models */,
				84CCF7F52344943A00C7AEA6 /* Services */,
				84178D53234630A400F54389 /* Protocols */,
				84178D5023462B5300F54389 /* Presenters */,
				84CCF7E223447AFD00C7AEA6 /* Controllers */,
				84CCF7E323447B0900C7AEA6 /* UI */,
				84E32D1F2343EBD70079DE07 /* AppDelegate.swift */,
				84E32D282343EBD70079DE07 /* Assets.xcassets */,
				84E32D2D2343EBD70079DE07 /* Info.plist */,
				84C403E62347D2A9009D350B /* SplitViewController.swift */,
			);
			path = FlickrApp;
			sourceTree = "<group>";
		};
		84E32D352343EBD80079DE07 /* FlickrAppTests */ = {
			isa = PBXGroup;
			children = (
				84BBD1E9234D04CD001F9656 /* ErrorStringTest.swift */,
				84BBD1E4234D01AD001F9656 /* PhotosGetInfoServiceTest.swift */,
				84BBD1DC234CFD17001F9656 /* PhotosSearchServiceTest.swift */,
				849470FA234BDD7A00FE2BB5 /* FlickrPhotoDetailsTest.swift */,
				849470F8234BDAF800FE2BB5 /* FlickrPhotoTest.swift */,
				849470F6234BD93100FE2BB5 /* PhotosGetInfoTest.swift */,
				849470F0234BD4E700FE2BB5 /* PhotosSearchTest.swift */,
				849470EC234BD43100FE2BB5 /* AppDataServiceTest.swift */,
				84E32D382343EBD80079DE07 /* Info.plist */,
			);
			path = FlickrAppTests;
			sourceTree = "<group>";
		};
		84E32D402343EBD80079DE07 /* FlickrAppUITests */ = {
			isa = PBXGroup;
			children = (
				84E32D412343EBD80079DE07 /* FlickrAppUITests.swift */,
				84E32D432343EBD80079DE07 /* Info.plist */,
			);
			path = FlickrAppUITests;
			sourceTree = "<group>";
		};
/* End PBXGroup section */

/* Begin PBXNativeTarget section */
		84E32D1B2343EBD70079DE07 /* FlickrApp */ = {
			isa = PBXNativeTarget;
			buildConfigurationList = 84E32D462343EBD80079DE07 /* Build configuration list for PBXNativeTarget "FlickrApp" */;
			buildPhases = (
				84E32D182343EBD70079DE07 /* Sources */,
				84E32D192343EBD70079DE07 /* Frameworks */,
				84E32D1A2343EBD70079DE07 /* Resources */,
			);
			buildRules = (
			);
			dependencies = (
			);
			name = FlickrApp;
			productName = FlickrApp;
			productReference = 84E32D1C2343EBD70079DE07 /* FlickrApp.app */;
			productType = "com.apple.product-type.application";
		};
		84E32D312343EBD80079DE07 /* FlickrAppTests */ = {
			isa = PBXNativeTarget;
			buildConfigurationList = 84E32D492343EBD80079DE07 /* Build configuration list for PBXNativeTarget "FlickrAppTests" */;
			buildPhases = (
				84E32D2E2343EBD80079DE07 /* Sources */,
				84E32D2F2343EBD80079DE07 /* Frameworks */,
				84E32D302343EBD80079DE07 /* Resources */,
			);
			buildRules = (
			);
			dependencies = (
				84E32D342343EBD80079DE07 /* PBXTargetDependency */,
			);
			name = FlickrAppTests;
			productName = FlickrAppTests;
			productReference = 84E32D322343EBD80079DE07 /* FlickrAppTests.xctest */;
			productType = "com.apple.product-type.bundle.unit-test";
		};
		84E32D3C2343EBD80079DE07 /* FlickrAppUITests */ = {
			isa = PBXNativeTarget;
			buildConfigurationList = 84E32D4C2343EBD80079DE07 /* Build configuration list for PBXNativeTarget "FlickrAppUITests" */;
			buildPhases = (
				84E32D392343EBD80079DE07 /* Sources */,
				84E32D3A2343EBD80079DE07 /* Frameworks */,
				84E32D3B2343EBD80079DE07 /* Resources */,
			);
			buildRules = (
			);
			dependencies = (
				84E32D3F2343EBD80079DE07 /* PBXTargetDependency */,
			);
			name = FlickrAppUITests;
			productName = FlickrAppUITests;
			productReference = 84E32D3D2343EBD80079DE07 /* FlickrAppUITests.xctest */;
			productType = "com.apple.product-type.bundle.ui-testing";
		};
/* End PBXNativeTarget section */

/* Begin PBXProject section */
		84E32D142343EBD70079DE07 /* Project object */ = {
			isa = PBXProject;
			attributes = {
				LastSwiftUpdateCheck = 1020;
				LastUpgradeCheck = 1020;
				ORGANIZATIONNAME = "Gabor Horvath";
				TargetAttributes = {
					84E32D1B2343EBD70079DE07 = {
						CreatedOnToolsVersion = 10.2;
					};
					84E32D312343EBD80079DE07 = {
						CreatedOnToolsVersion = 10.2;
						TestTargetID = 84E32D1B2343EBD70079DE07;
					};
					84E32D3C2343EBD80079DE07 = {
						CreatedOnToolsVersion = 10.2;
						TestTargetID = 84E32D1B2343EBD70079DE07;
					};
				};
			};
			buildConfigurationList = 84E32D172343EBD70079DE07 /* Build configuration list for PBXProject "FlickrApp" */;
			compatibilityVersion = "Xcode 9.3";
			developmentRegion = en;
			hasScannedForEncodings = 0;
			knownRegions = (
				en,
				Base,
				hu,
			);
			mainGroup = 84E32D132343EBD70079DE07;
			productRefGroup = 84E32D1D2343EBD70079DE07 /* Products */;
			projectDirPath = "";
			projectRoot = "";
			targets = (
				84E32D1B2343EBD70079DE07 /* FlickrApp */,
				84E32D312343EBD80079DE07 /* FlickrAppTests */,
				84E32D3C2343EBD80079DE07 /* FlickrAppUITests */,
			);
		};
/* End PBXProject section */

/* Begin PBXResourcesBuildPhase section */
		84E32D1A2343EBD70079DE07 /* Resources */ = {
			isa = PBXResourcesBuildPhase;
			buildActionMask = 2147483647;
			files = (
				84C403DF2347A01E009D350B /* Amperzand.ttf in Resources */,
				84178D812346B1BB00F54389 /* Localizable.strings in Resources */,
				84A7F2E0234B1BE0001ADBDE /* UrlImageView.xib in Resources */,
				849470E5234BCBE400FE2BB5 /* Exo-Bold.ttf in Resources */,
				84E32D2C2343EBD70079DE07 /* LaunchScreen.storyboard in Resources */,
				84E32D292343EBD70079DE07 /* Assets.xcassets in Resources */,
				84C403D523479E41009D350B /* Exo-Light.ttf in Resources */,
				84E32D272343EBD70079DE07 /* Main.storyboard in Resources */,
				84C403D823479E94009D350B /* Exo-ExtraLight.ttf in Resources */,
			);
			runOnlyForDeploymentPostprocessing = 0;
		};
		84E32D302343EBD80079DE07 /* Resources */ = {
			isa = PBXResourcesBuildPhase;
			buildActionMask = 2147483647;
			files = (
			);
			runOnlyForDeploymentPostprocessing = 0;
		};
		84E32D3B2343EBD80079DE07 /* Resources */ = {
			isa = PBXResourcesBuildPhase;
			buildActionMask = 2147483647;
			files = (
			);
			runOnlyForDeploymentPostprocessing = 0;
		};
/* End PBXResourcesBuildPhase section */

/* Begin PBXSourcesBuildPhase section */
		84E32D182343EBD70079DE07 /* Sources */ = {
			isa = PBXSourcesBuildPhase;
			buildActionMask = 2147483647;
			files = (
				84178D0A2346047000F54389 /* PhotoCell.swift in Sources */,
				84CCF7F92344946200C7AEA6 /* WebService.swift in Sources */,
				84CCF7EA234481F800C7AEA6 /* Constant.swift in Sources */,
				84CCF8002345301A00C7AEA6 /* ResponseModelProtocol.swift in Sources */,
				849470E1234B94EE00FE2BB5 /* UIAlertControllerExtension.swift in Sources */,
				84E32D242343EBD70079DE07 /* ImageDetailsViewController.swift in Sources */,
				84178D5C23464C9700F54389 /* PhotosGetInfo.swift in Sources */,
				84178D62234650AE00F54389 /* PhotosGetInfoService.swift in Sources */,
				84178D852346B1F700F54389 /* StringExtension.swift in Sources */,
				84178D602346503000F54389 /* FlickrPhotoDetails.swift in Sources */,
				849470E3234B967500FE2BB5 /* ErrorExtension.swift in Sources */,
				84A5B2FE234A545E002624F0 /* LogService.swift in Sources */,
				84C403E72347D2A9009D350B /* SplitViewController.swift in Sources */,
				84CCF7F1234489C200C7AEA6 /* RequestModelProtocol.swift in Sources */,
				8468BE022345C71C008E9F01 /* FlickrPhoto.swift in Sources */,
				84178D6823465EC200F54389 /* ImageDetailsPresenter.swift in Sources */,
				84E32D222343EBD70079DE07 /* ImageListViewController.swift in Sources */,
				84CCF7FA2344946200C7AEA6 /* PhotosSearchService.swift in Sources */,
				848D93C3234787F60064C06F /* AppDataService.swift in Sources */,
				84A5B2FB234A4CE4002624F0 /* ThumbnailCacheService.swift in Sources */,
				84178D5223462B7400F54389 /* ImageListPresenter.swift in Sources */,
				84178D6A23465EDD00F54389 /* ImageDetailsViewProtocol.swift in Sources */,
				842CDA512345B90900D2C027 /* PhotosSearchDeserializer.swift in Sources */,
				84C403E12347A198009D350B /* UIFontExtension.swift in Sources */,
				84178D572346311400F54389 /* ImageListViewProtocol.swift in Sources */,
				84CCF7F3234489CC00C7AEA6 /* PhotosSearch.swift in Sources */,
				84178D5E23464E0900F54389 /* DictionaryExtension.swift in Sources */,
				84CCF8022345309400C7AEA6 /* WebServiceDelegate.swift in Sources */,
				84E32D202343EBD70079DE07 /* AppDelegate.swift in Sources */,
				84178D642346510100F54389 /* PhotosGetInfoDeserializer.swift in Sources */,
				84A5B300234A5470002624F0 /* LogLevel.swift in Sources */,
				84A7F2E2234B1D73001ADBDE /* UrlImageView.swift in Sources */,
				84CCF7F0234489C200C7AEA6 /* ResponseDeserializerProtocol.swift in Sources */,
			);
			runOnlyForDeploymentPostprocessing = 0;
		};
		84E32D2E2343EBD80079DE07 /* Sources */ = {
			isa = PBXSourcesBuildPhase;
			buildActionMask = 2147483647;
			files = (
				84BBD1DF234CFD89001F9656 /* WebService.swift in Sources */,
				849470F2234BD62400FE2BB5 /* RequestModelProtocol.swift in Sources */,
				84BBD1E8234D03F4001F9656 /* ErrorExtension.swift in Sources */,
				849470F5234BD65900FE2BB5 /* FlickrPhoto.swift in Sources */,
				849470EE234BD4B700FE2BB5 /* PhotosSearch.swift in Sources */,
				849470F4234BD65200FE2BB5 /* ResponseModelProtocol.swift in Sources */,
				849470F7234BD93100FE2BB5 /* PhotosGetInfoTest.swift in Sources */,
				84BBD1DE234CFD40001F9656 /* PhotosSearchService.swift in Sources */,
				84BBD1EB234D05FF001F9656 /* StringExtension.swift in Sources */,
				849470F9234BDAF800FE2BB5 /* FlickrPhotoTest.swift in Sources */,
				849470FB234BDD7A00FE2BB5 /* FlickrPhotoDetailsTest.swift in Sources */,
				849470E9234BD00700FE2BB5 /* AppDataService.swift in Sources */,
				849470EF234BD4BE00FE2BB5 /* PhotosGetInfo.swift in Sources */,
				84BBD1E1234D0046001F9656 /* PhotosSearchDeserializer.swift in Sources */,
				84BBD1E3234D0096001F9656 /* LogService.swift in Sources */,
				84178D6B23467C3D00F54389 /* DictionaryExtension.swift in Sources */,
				84BBD1E5234D01AD001F9656 /* PhotosGetInfoServiceTest.swift in Sources */,
				84BBD1E6234D020C001F9656 /* PhotosGetInfoService.swift in Sources */,
				849470F1234BD4E700FE2BB5 /* PhotosSearchTest.swift in Sources */,
				849470F3234BD62F00FE2BB5 /* FlickrPhotoDetails.swift in Sources */,
				84BBD1DD234CFD17001F9656 /* PhotosSearchServiceTest.swift in Sources */,
				849470EB234BD09000FE2BB5 /* LogLevel.swift in Sources */,
				84BBD1E0234CFDE5001F9656 /* WebServiceDelegate.swift in Sources */,
				84BBD1EA234D04CD001F9656 /* ErrorStringTest.swift in Sources */,
				849470EA234BD07A00FE2BB5 /* Constant.swift in Sources */,
				84BBD1E7234D0287001F9656 /* PhotosGetInfoDeserializer.swift in Sources */,
				849470ED234BD43100FE2BB5 /* AppDataServiceTest.swift in Sources */,
				84BBD1E2234D004B001F9656 /* ResponseDeserializerProtocol.swift in Sources */,
			);
			runOnlyForDeploymentPostprocessing = 0;
		};
		84E32D392343EBD80079DE07 /* Sources */ = {
			isa = PBXSourcesBuildPhase;
			buildActionMask = 2147483647;
			files = (
				84E32D422343EBD80079DE07 /* FlickrAppUITests.swift in Sources */,
			);
			runOnlyForDeploymentPostprocessing = 0;
		};
/* End PBXSourcesBuildPhase section */

/* Begin PBXTargetDependency section */
		84E32D342343EBD80079DE07 /* PBXTargetDependency */ = {
			isa = PBXTargetDependency;
			target = 84E32D1B2343EBD70079DE07 /* FlickrApp */;
			targetProxy = 84E32D332343EBD80079DE07 /* PBXContainerItemProxy */;
		};
		84E32D3F2343EBD80079DE07 /* PBXTargetDependency */ = {
			isa = PBXTargetDependency;
			target = 84E32D1B2343EBD70079DE07 /* FlickrApp */;
			targetProxy = 84E32D3E2343EBD80079DE07 /* PBXContainerItemProxy */;
		};
/* End PBXTargetDependency section */

/* Begin PBXVariantGroup section */
		84178D832346B1BB00F54389 /* Localizable.strings */ = {
			isa = PBXVariantGroup;
			children = (
				84178D822346B1BB00F54389 /* en */,
				84178D892346BA4500F54389 /* hu */,
			);
			name = Localizable.strings;
			sourceTree = "<group>";
		};
		84E32D252343EBD70079DE07 /* Main.storyboard */ = {
			isa = PBXVariantGroup;
			children = (
				84E32D262343EBD70079DE07 /* Base */,
				84178D882346BA4500F54389 /* hu */,
			);
			name = Main.storyboard;
			sourceTree = "<group>";
		};
		84E32D2A2343EBD70079DE07 /* LaunchScreen.storyboard */ = {
			isa = PBXVariantGroup;
			children = (
				84E32D2B2343EBD70079DE07 /* Base */,
				84178D872346BA4500F54389 /* hu */,
			);
			name = LaunchScreen.storyboard;
			sourceTree = "<group>";
		};
/* End PBXVariantGroup section */

/* Begin XCBuildConfiguration section */
		84E32D442343EBD80079DE07 /* Debug */ = {
			isa = XCBuildConfiguration;
			buildSettings = {
				ALWAYS_SEARCH_USER_PATHS = NO;
				CLANG_ANALYZER_LOCALIZABILITY_NONLOCALIZED = YES;
				CLANG_ANALYZER_NONNULL = YES;
				CLANG_ANALYZER_NUMBER_OBJECT_CONVERSION = YES_AGGRESSIVE;
				CLANG_CXX_LANGUAGE_STANDARD = "gnu++14";
				CLANG_CXX_LIBRARY = "libc++";
				CLANG_ENABLE_MODULES = YES;
				CLANG_ENABLE_OBJC_ARC = YES;
				CLANG_ENABLE_OBJC_WEAK = YES;
				CLANG_WARN_BLOCK_CAPTURE_AUTORELEASING = YES;
				CLANG_WARN_BOOL_CONVERSION = YES;
				CLANG_WARN_COMMA = YES;
				CLANG_WARN_CONSTANT_CONVERSION = YES;
				CLANG_WARN_DEPRECATED_OBJC_IMPLEMENTATIONS = YES;
				CLANG_WARN_DIRECT_OBJC_ISA_USAGE = YES_ERROR;
				CLANG_WARN_DOCUMENTATION_COMMENTS = YES;
				CLANG_WARN_EMPTY_BODY = YES;
				CLANG_WARN_ENUM_CONVERSION = YES;
				CLANG_WARN_INFINITE_RECURSION = YES;
				CLANG_WARN_INT_CONVERSION = YES;
				CLANG_WARN_NON_LITERAL_NULL_CONVERSION = YES;
				CLANG_WARN_OBJC_IMPLICIT_RETAIN_SELF = YES;
				CLANG_WARN_OBJC_LITERAL_CONVERSION = YES;
				CLANG_WARN_OBJC_ROOT_CLASS = YES_ERROR;
				CLANG_WARN_RANGE_LOOP_ANALYSIS = YES;
				CLANG_WARN_STRICT_PROTOTYPES = YES;
				CLANG_WARN_SUSPICIOUS_MOVE = YES;
				CLANG_WARN_UNGUARDED_AVAILABILITY = YES_AGGRESSIVE;
				CLANG_WARN_UNREACHABLE_CODE = YES;
				CLANG_WARN__DUPLICATE_METHOD_MATCH = YES;
				CODE_SIGN_IDENTITY = "iPhone Developer";
				COPY_PHASE_STRIP = NO;
				DEBUG_INFORMATION_FORMAT = dwarf;
				ENABLE_STRICT_OBJC_MSGSEND = YES;
				ENABLE_TESTABILITY = YES;
				GCC_C_LANGUAGE_STANDARD = gnu11;
				GCC_DYNAMIC_NO_PIC = NO;
				GCC_NO_COMMON_BLOCKS = YES;
				GCC_OPTIMIZATION_LEVEL = 0;
				GCC_PREPROCESSOR_DEFINITIONS = (
					"DEBUG=1",
					"$(inherited)",
				);
				GCC_WARN_64_TO_32_BIT_CONVERSION = YES;
				GCC_WARN_ABOUT_RETURN_TYPE = YES_ERROR;
				GCC_WARN_UNDECLARED_SELECTOR = YES;
				GCC_WARN_UNINITIALIZED_AUTOS = YES_AGGRESSIVE;
				GCC_WARN_UNUSED_FUNCTION = YES;
				GCC_WARN_UNUSED_VARIABLE = YES;
				IPHONEOS_DEPLOYMENT_TARGET = 12.2;
				MTL_ENABLE_DEBUG_INFO = INCLUDE_SOURCE;
				MTL_FAST_MATH = YES;
				ONLY_ACTIVE_ARCH = YES;
				SDKROOT = iphoneos;
				SWIFT_ACTIVE_COMPILATION_CONDITIONS = DEBUG;
				SWIFT_OPTIMIZATION_LEVEL = "-Onone";
			};
			name = Debug;
		};
		84E32D452343EBD80079DE07 /* Release */ = {
			isa = XCBuildConfiguration;
			buildSettings = {
				ALWAYS_SEARCH_USER_PATHS = NO;
				CLANG_ANALYZER_LOCALIZABILITY_NONLOCALIZED = YES;
				CLANG_ANALYZER_NONNULL = YES;
				CLANG_ANALYZER_NUMBER_OBJECT_CONVERSION = YES_AGGRESSIVE;
				CLANG_CXX_LANGUAGE_STANDARD = "gnu++14";
				CLANG_CXX_LIBRARY = "libc++";
				CLANG_ENABLE_MODULES = YES;
				CLANG_ENABLE_OBJC_ARC = YES;
				CLANG_ENABLE_OBJC_WEAK = YES;
				CLANG_WARN_BLOCK_CAPTURE_AUTORELEASING = YES;
				CLANG_WARN_BOOL_CONVERSION = YES;
				CLANG_WARN_COMMA = YES;
				CLANG_WARN_CONSTANT_CONVERSION = YES;
				CLANG_WARN_DEPRECATED_OBJC_IMPLEMENTATIONS = YES;
				CLANG_WARN_DIRECT_OBJC_ISA_USAGE = YES_ERROR;
				CLANG_WARN_DOCUMENTATION_COMMENTS = YES;
				CLANG_WARN_EMPTY_BODY = YES;
				CLANG_WARN_ENUM_CONVERSION = YES;
				CLANG_WARN_INFINITE_RECURSION = YES;
				CLANG_WARN_INT_CONVERSION = YES;
				CLANG_WARN_NON_LITERAL_NULL_CONVERSION = YES;
				CLANG_WARN_OBJC_IMPLICIT_RETAIN_SELF = YES;
				CLANG_WARN_OBJC_LITERAL_CONVERSION = YES;
				CLANG_WARN_OBJC_ROOT_CLASS = YES_ERROR;
				CLANG_WARN_RANGE_LOOP_ANALYSIS = YES;
				CLANG_WARN_STRICT_PROTOTYPES = YES;
				CLANG_WARN_SUSPICIOUS_MOVE = YES;
				CLANG_WARN_UNGUARDED_AVAILABILITY = YES_AGGRESSIVE;
				CLANG_WARN_UNREACHABLE_CODE = YES;
				CLANG_WARN__DUPLICATE_METHOD_MATCH = YES;
				CODE_SIGN_IDENTITY = "iPhone Developer";
				COPY_PHASE_STRIP = NO;
				DEBUG_INFORMATION_FORMAT = "dwarf-with-dsym";
				ENABLE_NS_ASSERTIONS = NO;
				ENABLE_STRICT_OBJC_MSGSEND = YES;
				GCC_C_LANGUAGE_STANDARD = gnu11;
				GCC_NO_COMMON_BLOCKS = YES;
				GCC_WARN_64_TO_32_BIT_CONVERSION = YES;
				GCC_WARN_ABOUT_RETURN_TYPE = YES_ERROR;
				GCC_WARN_UNDECLARED_SELECTOR = YES;
				GCC_WARN_UNINITIALIZED_AUTOS = YES_AGGRESSIVE;
				GCC_WARN_UNUSED_FUNCTION = YES;
				GCC_WARN_UNUSED_VARIABLE = YES;
				IPHONEOS_DEPLOYMENT_TARGET = 12.2;
				MTL_ENABLE_DEBUG_INFO = NO;
				MTL_FAST_MATH = YES;
				SDKROOT = iphoneos;
				SWIFT_COMPILATION_MODE = wholemodule;
				SWIFT_OPTIMIZATION_LEVEL = "-O";
				VALIDATE_PRODUCT = YES;
			};
			name = Release;
		};
		84E32D472343EBD80079DE07 /* Debug */ = {
			isa = XCBuildConfiguration;
			buildSettings = {
				ASSETCATALOG_COMPILER_APPICON_NAME = AppIcon;
				CODE_SIGN_STYLE = Automatic;
				DEVELOPMENT_TEAM = R7C43SZUB9;
				INFOPLIST_FILE = FlickrApp/Info.plist;
				LD_RUNPATH_SEARCH_PATHS = (
					"$(inherited)",
					"@executable_path/Frameworks",
				);
				PRODUCT_BUNDLE_IDENTIFIER = com.gabhor.FlickrApp;
				PRODUCT_NAME = "$(TARGET_NAME)";
				SWIFT_VERSION = 5.0;
				TARGETED_DEVICE_FAMILY = "1,2";
			};
			name = Debug;
		};
		84E32D482343EBD80079DE07 /* Release */ = {
			isa = XCBuildConfiguration;
			buildSettings = {
				ASSETCATALOG_COMPILER_APPICON_NAME = AppIcon;
				CODE_SIGN_STYLE = Automatic;
				DEVELOPMENT_TEAM = R7C43SZUB9;
				INFOPLIST_FILE = FlickrApp/Info.plist;
				LD_RUNPATH_SEARCH_PATHS = (
					"$(inherited)",
					"@executable_path/Frameworks",
				);
				PRODUCT_BUNDLE_IDENTIFIER = com.gabhor.FlickrApp;
				PRODUCT_NAME = "$(TARGET_NAME)";
				SWIFT_VERSION = 5.0;
				TARGETED_DEVICE_FAMILY = "1,2";
			};
			name = Release;
		};
		84E32D4A2343EBD80079DE07 /* Debug */ = {
			isa = XCBuildConfiguration;
			buildSettings = {
				ALWAYS_EMBED_SWIFT_STANDARD_LIBRARIES = YES;
				BUNDLE_LOADER = "$(TEST_HOST)";
				CODE_SIGN_STYLE = Automatic;
				DEVELOPMENT_TEAM = R7C43SZUB9;
				INFOPLIST_FILE = FlickrAppTests/Info.plist;
				LD_RUNPATH_SEARCH_PATHS = (
					"$(inherited)",
					"@executable_path/Frameworks",
					"@loader_path/Frameworks",
				);
				PRODUCT_BUNDLE_IDENTIFIER = com.gabhor.FlickrAppTests;
				PRODUCT_NAME = "$(TARGET_NAME)";
				SWIFT_VERSION = 5.0;
				TARGETED_DEVICE_FAMILY = "1,2";
				TEST_HOST = "$(BUILT_PRODUCTS_DIR)/FlickrApp.app/FlickrApp";
			};
			name = Debug;
		};
		84E32D4B2343EBD80079DE07 /* Release */ = {
			isa = XCBuildConfiguration;
			buildSettings = {
				ALWAYS_EMBED_SWIFT_STANDARD_LIBRARIES = YES;
				BUNDLE_LOADER = "$(TEST_HOST)";
				CODE_SIGN_STYLE = Automatic;
				DEVELOPMENT_TEAM = R7C43SZUB9;
				INFOPLIST_FILE = FlickrAppTests/Info.plist;
				LD_RUNPATH_SEARCH_PATHS = (
					"$(inherited)",
					"@executable_path/Frameworks",
					"@loader_path/Frameworks",
				);
				PRODUCT_BUNDLE_IDENTIFIER = com.gabhor.FlickrAppTests;
				PRODUCT_NAME = "$(TARGET_NAME)";
				SWIFT_VERSION = 5.0;
				TARGETED_DEVICE_FAMILY = "1,2";
				TEST_HOST = "$(BUILT_PRODUCTS_DIR)/FlickrApp.app/FlickrApp";
			};
			name = Release;
		};
		84E32D4D2343EBD80079DE07 /* Debug */ = {
			isa = XCBuildConfiguration;
			buildSettings = {
				ALWAYS_EMBED_SWIFT_STANDARD_LIBRARIES = YES;
				CODE_SIGN_STYLE = Automatic;
				DEVELOPMENT_TEAM = R7C43SZUB9;
				INFOPLIST_FILE = FlickrAppUITests/Info.plist;
				LD_RUNPATH_SEARCH_PATHS = (
					"$(inherited)",
					"@executable_path/Frameworks",
					"@loader_path/Frameworks",
				);
				PRODUCT_BUNDLE_IDENTIFIER = com.gabhor.FlickrAppUITests;
				PRODUCT_NAME = "$(TARGET_NAME)";
				SWIFT_VERSION = 5.0;
				TARGETED_DEVICE_FAMILY = "1,2";
				TEST_TARGET_NAME = FlickrApp;
			};
			name = Debug;
		};
		84E32D4E2343EBD80079DE07 /* Release */ = {
			isa = XCBuildConfiguration;
			buildSettings = {
				ALWAYS_EMBED_SWIFT_STANDARD_LIBRARIES = YES;
				CODE_SIGN_STYLE = Automatic;
				DEVELOPMENT_TEAM = R7C43SZUB9;
				INFOPLIST_FILE = FlickrAppUITests/Info.plist;
				LD_RUNPATH_SEARCH_PATHS = (
					"$(inherited)",
					"@executable_path/Frameworks",
					"@loader_path/Frameworks",
				);
				PRODUCT_BUNDLE_IDENTIFIER = com.gabhor.FlickrAppUITests;
				PRODUCT_NAME = "$(TARGET_NAME)";
				SWIFT_VERSION = 5.0;
				TARGETED_DEVICE_FAMILY = "1,2";
				TEST_TARGET_NAME = FlickrApp;
			};
			name = Release;
		};
/* End XCBuildConfiguration section */

/* Begin XCConfigurationList section */
		84E32D172343EBD70079DE07 /* Build configuration list for PBXProject "FlickrApp" */ = {
			isa = XCConfigurationList;
			buildConfigurations = (
				84E32D442343EBD80079DE07 /* Debug */,
				84E32D452343EBD80079DE07 /* Release */,
			);
			defaultConfigurationIsVisible = 0;
			defaultConfigurationName = Release;
		};
		84E32D462343EBD80079DE07 /* Build configuration list for PBXNativeTarget "FlickrApp" */ = {
			isa = XCConfigurationList;
			buildConfigurations = (
				84E32D472343EBD80079DE07 /* Debug */,
				84E32D482343EBD80079DE07 /* Release */,
			);
			defaultConfigurationIsVisible = 0;
			defaultConfigurationName = Release;
		};
		84E32D492343EBD80079DE07 /* Build configuration list for PBXNativeTarget "FlickrAppTests" */ = {
			isa = XCConfigurationList;
			buildConfigurations = (
				84E32D4A2343EBD80079DE07 /* Debug */,
				84E32D4B2343EBD80079DE07 /* Release */,
			);
			defaultConfigurationIsVisible = 0;
			defaultConfigurationName = Release;
		};
		84E32D4C2343EBD80079DE07 /* Build configuration list for PBXNativeTarget "FlickrAppUITests" */ = {
			isa = XCConfigurationList;
			buildConfigurations = (
				84E32D4D2343EBD80079DE07 /* Debug */,
				84E32D4E2343EBD80079DE07 /* Release */,
			);
			defaultConfigurationIsVisible = 0;
			defaultConfigurationName = Release;
		};
/* End XCConfigurationList section */
	};
	rootObject = 84E32D142343EBD70079DE07 /* Project object */;
}
